
Microsoft Visual Studio Solution File, Format Version 12.00
# Visual Studio Version 17
VisualStudioVersion = 17.7.34024.191
MinimumVisualStudioVersion = 10.0.40219.1
Project("{FAE04EC0-301F-11D3-BF4B-00C04F79EFBC}") = "WEEK01_01", "WEEK01_01\WEEK01_01.csproj", "{A570C7B8-5701-4D7A-97A0-FCEFC661DBF7}"
EndProject
Project("{FAE04EC0-301F-11D3-BF4B-00C04F79EFBC}") = "WEEK03_02", "WEEK03_02\WEEK03_02.csproj", "{E11243EB-5029-46AD-B3F4-0145C4F627FC}"
EndProject
Project("{FAE04EC0-301F-11D3-BF4B-00C04F79EFBC}") = "WEEK03_03", "WEEK03_03\WEEK03_03.csproj", "{3BD15B70-FE38-4BAB-A8D4-737198038BC4}"
EndProject
Project("{FAE04EC0-301F-11D3-BF4B-00C04F79EFBC}") = "WEEK04-01", "KEEK04-01\WEEK04-01.csproj", "{E0D58210-C860-4D38-94D6-7A1126E2FB27}"
EndProject
Project("{FAE04EC0-301F-11D3-BF4B-00C04F79EFBC}") = "WEEK04-02", "WEEK04-02\WEEK04-02.csproj", "{FE8E26F9-3C42-4D1B-ACB0-940DFCE46198}"
EndProject
Project("{FAE04EC0-301F-11D3-BF4B-00C04F79EFBC}") = "WEEK04-03", "WEEK04-03\WEEK04-03.csproj", "{33EB3EB2-A340-46C7-AE0A-E5139F274008}"
EndProject
Project("{FAE04EC0-301F-11D3-BF4B-00C04F79EFBC}") = "WEEK05_01", "WEEK05_01_windowform\WEEK05_01.csproj", "{B8BCE78E-C0D1-4D7C-8476-3ED2C12AE62A}"
EndProject
Project("{FAE04EC0-301F-11D3-BF4B-00C04F79EFBC}") = "WEEK05_02", "WEEK05_02_windowform\WEEK05_02.csproj", "{E2BE38BA-177D-4805-BA24-13416C66E5B1}"
EndProject
Project("{FAE04EC0-301F-11D3-BF4B-00C04F79EFBC}") = "WEEK06-01", "WEEK06-01\WEEK06-01.csproj", "{E5F5B089-098A-4109-958E-F0A3C8DC6E3C}"
EndProject
Project("{FAE04EC0-301F-11D3-BF4B-00C04F79EFBC}") = "WEEK07-01", "WEEK07-01\WEEK07-01.csproj", "{470C572B-22CC-42C6-80AD-77C7E767800A}"
EndProject
Project("{FAE04EC0-301F-11D3-BF4B-00C04F79EFBC}") = "WEEK09-01", "WEEK09-01\WEEK09-01.csproj", "{C5C38AAB-B978-4603-954C-864C086FE95E}"
EndProject
Project("{FAE04EC0-301F-11D3-BF4B-00C04F79EFBC}") = "WEEK09-02", "Week09-02\WEEK09-02.csproj", "{943D60BB-8716-40FF-977C-DE2A1AF9DD21}"
EndProject
Project("{FAE04EC0-301F-11D3-BF4B-00C04F79EFBC}") = "WEEK10-01", "WEEK10-01\WEEK10-01.csproj", "{36974020-431D-4107-9B6C-E79312CF11EF}"
EndProject
Project("{FAE04EC0-301F-11D3-BF4B-00C04F79EFBC}") = "WEEK10-02", "WEEK10-02\WEEK10-02.csproj", "{E865ECDD-747C-48E7-8E7D-F990CB6D0E34}"
EndProject
Project("{FAE04EC0-301F-11D3-BF4B-00C04F79EFBC}") = "WEEK10-03", "WEEK10-03\WEEK10-03.csproj", "{67FBE1F0-53D7-4DEA-9BD8-67A53B3E489E}"
EndProject
Project("{FAE04EC0-301F-11D3-BF4B-00C04F79EFBC}") = "WEEK10-04", "WEEK10-04\WEEK10-04.csproj", "{D8030A6A-2B11-4B69-B099-F8E15783DB0D}"
EndProject
Project("{FAE04EC0-301F-11D3-BF4B-00C04F79EFBC}") = "WEEK10-05", "WEEK10-05\WEEK10-05.csproj", "{88A7E789-C5A0-42A5-9F9D-9682643A3D06}"
EndProject
Project("{FAE04EC0-301F-11D3-BF4B-00C04F79EFBC}") = "WEEK11_01", "WEEK 11-01\WEEK11_01.csproj", "{04E54389-4418-4819-A7A2-AEE6A842D626}"
EndProject
Project("{FAE04EC0-301F-11D3-BF4B-00C04F79EFBC}") = "WEEK11_02", "WEEK11_02\WEEK11_02.csproj", "{32A7EC04-5392-4FFA-BDFE-8A185A1880F5}"
EndProject
Project("{FAE04EC0-301F-11D3-BF4B-00C04F79EFBC}") = "WEEK11_03", "WEEK11_03\WEEK11_03.csproj", "{BD94F5FD-1BDF-4EC3-9CBB-721AA1C5FC26}"
EndProject
Project("{FAE04EC0-301F-11D3-BF4B-00C04F79EFBC}") = "WEEK11_04", "WEEK11_04\WEEK11_04.csproj", "{34E76659-22FE-4F92-90CB-789F31EF0885}"
EndProject
Project("{FAE04EC0-301F-11D3-BF4B-00C04F79EFBC}") = "WEEK11_05", "WEEK11_05\WEEK11_05.csproj", "{23FA9299-65FF-4FE6-BD2C-6E662B7C844E}"
EndProject
Project("{FAE04EC0-301F-11D3-BF4B-00C04F79EFBC}") = "WEEK11_06", "WEEK11_06\WEEK11_06.csproj", "{49D3A8C8-F9F4-490F-AA20-C20DEA6C9BEA}"
EndProject
Project("{FAE04EC0-301F-11D3-BF4B-00C04F79EFBC}") = "WEEK11-07(타원형 그리기)", "WEEK11-07(타원형 그리기)\WEEK11-07(타원형 그리기).csproj", "{52DC52C7-3B79-401D-A46D-D50937B3540E}"
EndProject
Project("{FAE04EC0-301F-11D3-BF4B-00C04F79EFBC}") = "WEEK11-08 (별 그리기)", "WEEK11-08\WEEK11-08 (별 그리기).csproj", "{F51298C2-F253-4E41-93E0-E33F12E2A0A4}"
EndProject
Project("{FAE04EC0-301F-11D3-BF4B-00C04F79EFBC}") = "WEEK11-09 (흐믈흐믈 곡선 그리기)", "WEEK11-09\WEEK11-09 (흐믈흐믈 곡선 그리기).csproj", "{FF470158-0ED7-4238-919A-3FE9C99BF25D}"
EndProject
Project("{FAE04EC0-301F-11D3-BF4B-00C04F79EFBC}") = "WEEK11-10(폰트 그리기 [문자열])", "WEEK11-10(폰트 그리기)\WEEK11-10(폰트 그리기 [문자열]).csproj", "{1416AAB3-BC5B-44D9-AC23-4F7804843D3E}"
EndProject
Project("{FAE04EC0-301F-11D3-BF4B-00C04F79EFBC}") = "WEEK11-11(이미지 그리기)", "WEEK11-11(이미지 그리기)\WEEK11-11(이미지 그리기).csproj", "{DB7F4900-D193-4645-B2CF-EAD6577CBDEC}"
EndProject
Global
	GlobalSection(SolutionConfigurationPlatforms) = preSolution
		Debug|Any CPU = Debug|Any CPU
		Release|Any CPU = Release|Any CPU
	EndGlobalSection
	GlobalSection(ProjectConfigurationPlatforms) = postSolution
		{A570C7B8-5701-4D7A-97A0-FCEFC661DBF7}.Debug|Any CPU.ActiveCfg = Debug|Any CPU
		{A570C7B8-5701-4D7A-97A0-FCEFC661DBF7}.Debug|Any CPU.Build.0 = Debug|Any CPU
		{A570C7B8-5701-4D7A-97A0-FCEFC661DBF7}.Release|Any CPU.ActiveCfg = Release|Any CPU
		{A570C7B8-5701-4D7A-97A0-FCEFC661DBF7}.Release|Any CPU.Build.0 = Release|Any CPU
		{E11243EB-5029-46AD-B3F4-0145C4F627FC}.Debug|Any CPU.ActiveCfg = Debug|Any CPU
		{E11243EB-5029-46AD-B3F4-0145C4F627FC}.Debug|Any CPU.Build.0 = Debug|Any CPU
		{E11243EB-5029-46AD-B3F4-0145C4F627FC}.Release|Any CPU.ActiveCfg = Release|Any CPU
		{E11243EB-5029-46AD-B3F4-0145C4F627FC}.Release|Any CPU.Build.0 = Release|Any CPU
		{3BD15B70-FE38-4BAB-A8D4-737198038BC4}.Debug|Any CPU.ActiveCfg = Debug|Any CPU
		{3BD15B70-FE38-4BAB-A8D4-737198038BC4}.Debug|Any CPU.Build.0 = Debug|Any CPU
		{3BD15B70-FE38-4BAB-A8D4-737198038BC4}.Release|Any CPU.ActiveCfg = Release|Any CPU
		{3BD15B70-FE38-4BAB-A8D4-737198038BC4}.Release|Any CPU.Build.0 = Release|Any CPU
		{E0D58210-C860-4D38-94D6-7A1126E2FB27}.Debug|Any CPU.ActiveCfg = Debug|Any CPU
		{E0D58210-C860-4D38-94D6-7A1126E2FB27}.Debug|Any CPU.Build.0 = Debug|Any CPU
		{E0D58210-C860-4D38-94D6-7A1126E2FB27}.Release|Any CPU.ActiveCfg = Release|Any CPU
		{E0D58210-C860-4D38-94D6-7A1126E2FB27}.Release|Any CPU.Build.0 = Release|Any CPU
		{FE8E26F9-3C42-4D1B-ACB0-940DFCE46198}.Debug|Any CPU.ActiveCfg = Debug|Any CPU
		{FE8E26F9-3C42-4D1B-ACB0-940DFCE46198}.Debug|Any CPU.Build.0 = Debug|Any CPU
		{FE8E26F9-3C42-4D1B-ACB0-940DFCE46198}.Release|Any CPU.ActiveCfg = Release|Any CPU
		{FE8E26F9-3C42-4D1B-ACB0-940DFCE46198}.Release|Any CPU.Build.0 = Release|Any CPU
		{33EB3EB2-A340-46C7-AE0A-E5139F274008}.Debug|Any CPU.ActiveCfg = Debug|Any CPU
		{33EB3EB2-A340-46C7-AE0A-E5139F274008}.Debug|Any CPU.Build.0 = Debug|Any CPU
		{33EB3EB2-A340-46C7-AE0A-E5139F274008}.Release|Any CPU.ActiveCfg = Release|Any CPU
		{33EB3EB2-A340-46C7-AE0A-E5139F274008}.Release|Any CPU.Build.0 = Release|Any CPU
		{B8BCE78E-C0D1-4D7C-8476-3ED2C12AE62A}.Debug|Any CPU.ActiveCfg = Debug|Any CPU
		{B8BCE78E-C0D1-4D7C-8476-3ED2C12AE62A}.Debug|Any CPU.Build.0 = Debug|Any CPU
		{B8BCE78E-C0D1-4D7C-8476-3ED2C12AE62A}.Release|Any CPU.ActiveCfg = Release|Any CPU
		{B8BCE78E-C0D1-4D7C-8476-3ED2C12AE62A}.Release|Any CPU.Build.0 = Release|Any CPU
		{E2BE38BA-177D-4805-BA24-13416C66E5B1}.Debug|Any CPU.ActiveCfg = Debug|Any CPU
		{E2BE38BA-177D-4805-BA24-13416C66E5B1}.Debug|Any CPU.Build.0 = Debug|Any CPU
		{E2BE38BA-177D-4805-BA24-13416C66E5B1}.Release|Any CPU.ActiveCfg = Release|Any CPU
		{E2BE38BA-177D-4805-BA24-13416C66E5B1}.Release|Any CPU.Build.0 = Release|Any CPU
		{E5F5B089-098A-4109-958E-F0A3C8DC6E3C}.Debug|Any CPU.ActiveCfg = Debug|Any CPU
		{E5F5B089-098A-4109-958E-F0A3C8DC6E3C}.Debug|Any CPU.Build.0 = Debug|Any CPU
		{E5F5B089-098A-4109-958E-F0A3C8DC6E3C}.Release|Any CPU.ActiveCfg = Release|Any CPU
		{E5F5B089-098A-4109-958E-F0A3C8DC6E3C}.Release|Any CPU.Build.0 = Release|Any CPU
		{470C572B-22CC-42C6-80AD-77C7E767800A}.Debug|Any CPU.ActiveCfg = Debug|Any CPU
		{470C572B-22CC-42C6-80AD-77C7E767800A}.Debug|Any CPU.Build.0 = Debug|Any CPU
		{470C572B-22CC-42C6-80AD-77C7E767800A}.Release|Any CPU.ActiveCfg = Release|Any CPU
		{470C572B-22CC-42C6-80AD-77C7E767800A}.Release|Any CPU.Build.0 = Release|Any CPU
		{C5C38AAB-B978-4603-954C-864C086FE95E}.Debug|Any CPU.ActiveCfg = Debug|Any CPU
		{C5C38AAB-B978-4603-954C-864C086FE95E}.Debug|Any CPU.Build.0 = Debug|Any CPU
		{C5C38AAB-B978-4603-954C-864C086FE95E}.Release|Any CPU.ActiveCfg = Release|Any CPU
		{C5C38AAB-B978-4603-954C-864C086FE95E}.Release|Any CPU.Build.0 = Release|Any CPU
		{943D60BB-8716-40FF-977C-DE2A1AF9DD21}.Debug|Any CPU.ActiveCfg = Debug|Any CPU
		{943D60BB-8716-40FF-977C-DE2A1AF9DD21}.Debug|Any CPU.Build.0 = Debug|Any CPU
		{943D60BB-8716-40FF-977C-DE2A1AF9DD21}.Release|Any CPU.ActiveCfg = Release|Any CPU
		{943D60BB-8716-40FF-977C-DE2A1AF9DD21}.Release|Any CPU.Build.0 = Release|Any CPU
		{36974020-431D-4107-9B6C-E79312CF11EF}.Debug|Any CPU.ActiveCfg = Debug|Any CPU
		{36974020-431D-4107-9B6C-E79312CF11EF}.Debug|Any CPU.Build.0 = Debug|Any CPU
		{36974020-431D-4107-9B6C-E79312CF11EF}.Release|Any CPU.ActiveCfg = Release|Any CPU
		{36974020-431D-4107-9B6C-E79312CF11EF}.Release|Any CPU.Build.0 = Release|Any CPU
		{E865ECDD-747C-48E7-8E7D-F990CB6D0E34}.Debug|Any CPU.ActiveCfg = Debug|Any CPU
		{E865ECDD-747C-48E7-8E7D-F990CB6D0E34}.Debug|Any CPU.Build.0 = Debug|Any CPU
		{E865ECDD-747C-48E7-8E7D-F990CB6D0E34}.Release|Any CPU.ActiveCfg = Release|Any CPU
		{E865ECDD-747C-48E7-8E7D-F990CB6D0E34}.Release|Any CPU.Build.0 = Release|Any CPU
		{67FBE1F0-53D7-4DEA-9BD8-67A53B3E489E}.Debug|Any CPU.ActiveCfg = Debug|Any CPU
		{67FBE1F0-53D7-4DEA-9BD8-67A53B3E489E}.Debug|Any CPU.Build.0 = Debug|Any CPU
		{67FBE1F0-53D7-4DEA-9BD8-67A53B3E489E}.Release|Any CPU.ActiveCfg = Release|Any CPU
		{67FBE1F0-53D7-4DEA-9BD8-67A53B3E489E}.Release|Any CPU.Build.0 = Release|Any CPU
		{D8030A6A-2B11-4B69-B099-F8E15783DB0D}.Debug|Any CPU.ActiveCfg = Debug|Any CPU
		{D8030A6A-2B11-4B69-B099-F8E15783DB0D}.Debug|Any CPU.Build.0 = Debug|Any CPU
		{D8030A6A-2B11-4B69-B099-F8E15783DB0D}.Release|Any CPU.ActiveCfg = Release|Any CPU
		{D8030A6A-2B11-4B69-B099-F8E15783DB0D}.Release|Any CPU.Build.0 = Release|Any CPU
		{88A7E789-C5A0-42A5-9F9D-9682643A3D06}.Debug|Any CPU.ActiveCfg = Debug|Any CPU
		{88A7E789-C5A0-42A5-9F9D-9682643A3D06}.Debug|Any CPU.Build.0 = Debug|Any CPU
		{88A7E789-C5A0-42A5-9F9D-9682643A3D06}.Release|Any CPU.ActiveCfg = Release|Any CPU
		{88A7E789-C5A0-42A5-9F9D-9682643A3D06}.Release|Any CPU.Build.0 = Release|Any CPU
		{04E54389-4418-4819-A7A2-AEE6A842D626}.Debug|Any CPU.ActiveCfg = Debug|Any CPU
		{04E54389-4418-4819-A7A2-AEE6A842D626}.Debug|Any CPU.Build.0 = Debug|Any CPU
		{04E54389-4418-4819-A7A2-AEE6A842D626}.Release|Any CPU.ActiveCfg = Release|Any CPU
		{04E54389-4418-4819-A7A2-AEE6A842D626}.Release|Any CPU.Build.0 = Release|Any CPU
		{32A7EC04-5392-4FFA-BDFE-8A185A1880F5}.Debug|Any CPU.ActiveCfg = Debug|Any CPU
		{32A7EC04-5392-4FFA-BDFE-8A185A1880F5}.Debug|Any CPU.Build.0 = Debug|Any CPU
		{32A7EC04-5392-4FFA-BDFE-8A185A1880F5}.Release|Any CPU.ActiveCfg = Release|Any CPU
		{32A7EC04-5392-4FFA-BDFE-8A185A1880F5}.Release|Any CPU.Build.0 = Release|Any CPU
		{BD94F5FD-1BDF-4EC3-9CBB-721AA1C5FC26}.Debug|Any CPU.ActiveCfg = Debug|Any CPU
		{BD94F5FD-1BDF-4EC3-9CBB-721AA1C5FC26}.Debug|Any CPU.Build.0 = Debug|Any CPU
		{BD94F5FD-1BDF-4EC3-9CBB-721AA1C5FC26}.Release|Any CPU.ActiveCfg = Release|Any CPU
		{BD94F5FD-1BDF-4EC3-9CBB-721AA1C5FC26}.Release|Any CPU.Build.0 = Release|Any CPU
		{34E76659-22FE-4F92-90CB-789F31EF0885}.Debug|Any CPU.ActiveCfg = Debug|Any CPU
		{34E76659-22FE-4F92-90CB-789F31EF0885}.Debug|Any CPU.Build.0 = Debug|Any CPU
		{34E76659-22FE-4F92-90CB-789F31EF0885}.Release|Any CPU.ActiveCfg = Release|Any CPU
		{34E76659-22FE-4F92-90CB-789F31EF0885}.Release|Any CPU.Build.0 = Release|Any CPU
		{23FA9299-65FF-4FE6-BD2C-6E662B7C844E}.Debug|Any CPU.ActiveCfg = Debug|Any CPU
		{23FA9299-65FF-4FE6-BD2C-6E662B7C844E}.Debug|Any CPU.Build.0 = Debug|Any CPU
		{23FA9299-65FF-4FE6-BD2C-6E662B7C844E}.Release|Any CPU.ActiveCfg = Release|Any CPU
		{23FA9299-65FF-4FE6-BD2C-6E662B7C844E}.Release|Any CPU.Build.0 = Release|Any CPU
		{49D3A8C8-F9F4-490F-AA20-C20DEA6C9BEA}.Debug|Any CPU.ActiveCfg = Debug|Any CPU
		{49D3A8C8-F9F4-490F-AA20-C20DEA6C9BEA}.Debug|Any CPU.Build.0 = Debug|Any CPU
		{49D3A8C8-F9F4-490F-AA20-C20DEA6C9BEA}.Release|Any CPU.ActiveCfg = Release|Any CPU
		{49D3A8C8-F9F4-490F-AA20-C20DEA6C9BEA}.Release|Any CPU.Build.0 = Release|Any CPU
		{52DC52C7-3B79-401D-A46D-D50937B3540E}.Debug|Any CPU.ActiveCfg = Debug|Any CPU
		{52DC52C7-3B79-401D-A46D-D50937B3540E}.Debug|Any CPU.Build.0 = Debug|Any CPU
		{52DC52C7-3B79-401D-A46D-D50937B3540E}.Release|Any CPU.ActiveCfg = Release|Any CPU
		{52DC52C7-3B79-401D-A46D-D50937B3540E}.Release|Any CPU.Build.0 = Release|Any CPU
		{F51298C2-F253-4E41-93E0-E33F12E2A0A4}.Debug|Any CPU.ActiveCfg = Debug|Any CPU
		{F51298C2-F253-4E41-93E0-E33F12E2A0A4}.Debug|Any CPU.Build.0 = Debug|Any CPU
		{F51298C2-F253-4E41-93E0-E33F12E2A0A4}.Release|Any CPU.ActiveCfg = Release|Any CPU
		{F51298C2-F253-4E41-93E0-E33F12E2A0A4}.Release|Any CPU.Build.0 = Release|Any CPU
		{FF470158-0ED7-4238-919A-3FE9C99BF25D}.Debug|Any CPU.ActiveCfg = Debug|Any CPU
		{FF470158-0ED7-4238-919A-3FE9C99BF25D}.Debug|Any CPU.Build.0 = Debug|Any CPU
		{FF470158-0ED7-4238-919A-3FE9C99BF25D}.Release|Any CPU.ActiveCfg = Release|Any CPU
		{FF470158-0ED7-4238-919A-3FE9C99BF25D}.Release|Any CPU.Build.0 = Release|Any CPU
		{1416AAB3-BC5B-44D9-AC23-4F7804843D3E}.Debug|Any CPU.ActiveCfg = Debug|Any CPU
		{1416AAB3-BC5B-44D9-AC23-4F7804843D3E}.Debug|Any CPU.Build.0 = Debug|Any CPU
		{1416AAB3-BC5B-44D9-AC23-4F7804843D3E}.Release|Any CPU.ActiveCfg = Release|Any CPU
		{1416AAB3-BC5B-44D9-AC23-4F7804843D3E}.Release|Any CPU.Build.0 = Release|Any CPU
		{DB7F4900-D193-4645-B2CF-EAD6577CBDEC}.Debug|Any CPU.ActiveCfg = Debug|Any CPU
		{DB7F4900-D193-4645-B2CF-EAD6577CBDEC}.Debug|Any CPU.Build.0 = Debug|Any CPU
		{DB7F4900-D193-4645-B2CF-EAD6577CBDEC}.Release|Any CPU.ActiveCfg = Release|Any CPU
		{DB7F4900-D193-4645-B2CF-EAD6577CBDEC}.Release|Any CPU.Build.0 = Release|Any CPU
	EndGlobalSection
	GlobalSection(SolutionProperties) = preSolution
		HideSolutionNode = FALSE
	EndGlobalSection
	GlobalSection(ExtensibilityGlobals) = postSolution
		SolutionGuid = {57458163-3E5D-4B8A-8082-EE471B5F52E4}
	EndGlobalSection
EndGlobal
